
Microsoft Visual Studio Solution File, Format Version 12.00
# Visual Studio Version 16
VisualStudioVersion = 16.0.30204.135
MinimumVisualStudioVersion = 10.0.40219.1
Project("{FAE04EC0-301F-11D3-BF4B-00C04F79EFBC}") = "EfCoreSandbox1", "EfCoreSandbox1\EfCoreSandbox1.csproj", "{83D005E4-97B9-44AF-ADC1-40973CCAEC85}"
EndProject
Global
	GlobalSection(SolutionConfigurationPlatforms) = preSolution
		Debug|Any CPU = Debug|Any CPU
		Release|Any CPU = Release|Any CPU
	EndGlobalSection
	GlobalSection(ProjectConfigurationPlatforms) = postSolution
		{83D005E4-97B9-44AF-ADC1-40973CCAEC85}.Debug|Any CPU.ActiveCfg = Debug|Any CPU
		{83D005E4-97B9-44AF-ADC1-40973CCAEC85}.Debug|Any CPU.Build.0 = Debug|Any CPU
		{83D005E4-97B9-44AF-ADC1-40973CCAEC85}.Release|Any CPU.ActiveCfg = Release|Any CPU
		{83D005E4-97B9-44AF-ADC1-40973CCAEC85}.Release|Any CPU.Build.0 = Release|Any CPU
	EndGlobalSection
	GlobalSection(SolutionProperties) = preSolution
		HideSolutionNode = FALSE
	EndGlobalSection
	GlobalSection(ExtensibilityGlobals) = postSolution
		SolutionGuid = {F3BAC57C-F628-4A78-8DD5-79B7486FD935}
	EndGlobalSection
EndGlobal
