
Microsoft Visual Studio Solution File, Format Version 12.00
# Visual Studio 15
VisualStudioVersion = 15.0.28307.168
MinimumVisualStudioVersion = 10.0.40219.1
Project("{FAE04EC0-301F-11D3-BF4B-00C04F79EFBC}") = "DbProviderFactoriesSandbox", "DbProviderFactoriesSandbox\DbProviderFactoriesSandbox.csproj", "{67D8C38F-2670-4C4E-9E99-FC25491BA85F}"
EndProject
Global
	GlobalSection(SolutionConfigurationPlatforms) = preSolution
		Debug|Any CPU = Debug|Any CPU
		Release|Any CPU = Release|Any CPU
	EndGlobalSection
	GlobalSection(ProjectConfigurationPlatforms) = postSolution
		{67D8C38F-2670-4C4E-9E99-FC25491BA85F}.Debug|Any CPU.ActiveCfg = Debug|Any CPU
		{67D8C38F-2670-4C4E-9E99-FC25491BA85F}.Debug|Any CPU.Build.0 = Debug|Any CPU
		{67D8C38F-2670-4C4E-9E99-FC25491BA85F}.Release|Any CPU.ActiveCfg = Release|Any CPU
		{67D8C38F-2670-4C4E-9E99-FC25491BA85F}.Release|Any CPU.Build.0 = Release|Any CPU
	EndGlobalSection
	GlobalSection(SolutionProperties) = preSolution
		HideSolutionNode = FALSE
	EndGlobalSection
	GlobalSection(ExtensibilityGlobals) = postSolution
		SolutionGuid = {A5C44D65-762B-4C06-97BC-D1A4AE32CF12}
	EndGlobalSection
EndGlobal
