
Microsoft Visual Studio Solution File, Format Version 12.00
# Visual Studio 15
VisualStudioVersion = 15.0.28307.168
MinimumVisualStudioVersion = 10.0.40219.1
Project("{FAE04EC0-301F-11D3-BF4B-00C04F79EFBC}") = "SqliteSandbox", "SqliteSandbox\SqliteSandbox.csproj", "{9070B9A7-A851-4614-BC17-2B7CB40781B7}"
EndProject
Global
	GlobalSection(SolutionConfigurationPlatforms) = preSolution
		Debug|Any CPU = Debug|Any CPU
		Release|Any CPU = Release|Any CPU
	EndGlobalSection
	GlobalSection(ProjectConfigurationPlatforms) = postSolution
		{9070B9A7-A851-4614-BC17-2B7CB40781B7}.Debug|Any CPU.ActiveCfg = Debug|Any CPU
		{9070B9A7-A851-4614-BC17-2B7CB40781B7}.Debug|Any CPU.Build.0 = Debug|Any CPU
		{9070B9A7-A851-4614-BC17-2B7CB40781B7}.Release|Any CPU.ActiveCfg = Release|Any CPU
		{9070B9A7-A851-4614-BC17-2B7CB40781B7}.Release|Any CPU.Build.0 = Release|Any CPU
	EndGlobalSection
	GlobalSection(SolutionProperties) = preSolution
		HideSolutionNode = FALSE
	EndGlobalSection
	GlobalSection(ExtensibilityGlobals) = postSolution
		SolutionGuid = {56729502-5FA9-4561-8B1E-33BDCBFE7ACD}
	EndGlobalSection
EndGlobal
